
Microsoft Visual Studio Solution File, Format Version 12.00
# Visual Studio Version 17
VisualStudioVersion = 17.4.33103.184
MinimumVisualStudioVersion = 10.0.40219.1
Project("{FAE04EC0-301F-11D3-BF4B-00C04F79EFBC}") = "AmericaAPI", "AmericaAPI\AmericaAPI.csproj", "{A6C1A9F3-28BA-43C7-A6C5-CA3FB82E53EB}"
EndProject
Global
	GlobalSection(SolutionConfigurationPlatforms) = preSolution
		Debug|Any CPU = Debug|Any CPU
		Release|Any CPU = Release|Any CPU
	EndGlobalSection
	GlobalSection(ProjectConfigurationPlatforms) = postSolution
		{A6C1A9F3-28BA-43C7-A6C5-CA3FB82E53EB}.Debug|Any CPU.ActiveCfg = Debug|Any CPU
		{A6C1A9F3-28BA-43C7-A6C5-CA3FB82E53EB}.Debug|Any CPU.Build.0 = Debug|Any CPU
		{A6C1A9F3-28BA-43C7-A6C5-CA3FB82E53EB}.Release|Any CPU.ActiveCfg = Release|Any CPU
		{A6C1A9F3-28BA-43C7-A6C5-CA3FB82E53EB}.Release|Any CPU.Build.0 = Release|Any CPU
	EndGlobalSection
	GlobalSection(SolutionProperties) = preSolution
		HideSolutionNode = FALSE
	EndGlobalSection
	GlobalSection(ExtensibilityGlobals) = postSolution
		SolutionGuid = {4EA8514C-6D03-48AF-A194-C52077B469FA}
	EndGlobalSection
EndGlobal
